// !$*UTF8*$!
{
	archiveVersion = 1;
	classes = {
	};
	objectVersion = 46;
	objects = {

/* Begin PBXBuildFile section */
		4A60D94B1D68216500317D1E /* 다이어리_메인_뷰컨트롤러.swift in Sources */ = {isa = PBXBuildFile; fileRef = 4A60D94A1D68216500317D1E /* 다이어리_메인_뷰컨트롤러.swift */; };
		4A8AE4A11D6823FB00ACAE9F /* 다이어리_컬렉션_뷰컨트롤러.swift in Sources */ = {isa = PBXBuildFile; fileRef = 4A8AE4A01D6823FB00ACAE9F /* 다이어리_컬렉션_뷰컨트롤러.swift */; };
		4A8AE4A31D68240600ACAE9F /* 다이어리_테이블_뷰컨트롤러.swift in Sources */ = {isa = PBXBuildFile; fileRef = 4A8AE4A21D68240600ACAE9F /* 다이어리_테이블_뷰컨트롤러.swift */; };
		4A8AE4A51D6828E800ACAE9F /* 다이어리_데이터_제공자.swift in Sources */ = {isa = PBXBuildFile; fileRef = 4A8AE4A41D6828E800ACAE9F /* 다이어리_데이터_제공자.swift */; };
		4A8AE4A71D683C9300ACAE9F /* 다이어리_디테일_뷰컨트롤러.swift in Sources */ = {isa = PBXBuildFile; fileRef = 4A8AE4A61D683C9300ACAE9F /* 다이어리_디테일_뷰컨트롤러.swift */; };
		4ABA17C41D44D08000C509BC /* Diary.swift in Sources */ = {isa = PBXBuildFile; fileRef = 4ABA17C11D44D08000C509BC /* Diary.swift */; };
		4ABA17C51D44D08000C509BC /* Dimension.swift in Sources */ = {isa = PBXBuildFile; fileRef = 4ABA17C21D44D08000C509BC /* Dimension.swift */; };
		4ABA17C61D44D08000C509BC /* User.swift in Sources */ = {isa = PBXBuildFile; fileRef = 4ABA17C31D44D08000C509BC /* User.swift */; };
		4ABA17CA1D44DAF300C509BC /* Setting.storyboard in Resources */ = {isa = PBXBuildFile; fileRef = 4ABA17C91D44DAF300C509BC /* Setting.storyboard */; };
		650BA2411D44EFF800980699 /* String+.swift in Sources */ = {isa = PBXBuildFile; fileRef = 650BA2401D44EFF800980699 /* String+.swift */; };
		6540959C1D47AE120034971D /* Diary.storyboard in Resources */ = {isa = PBXBuildFile; fileRef = 6540959B1D47AE120034971D /* Diary.storyboard */; };
		80563DDF1D61E55800A6E359 /* DimensionCreate.storyboard in Resources */ = {isa = PBXBuildFile; fileRef = 80563DDE1D61E55800A6E359 /* DimensionCreate.storyboard */; };
		80563DE11D62036900A6E359 /* DimensionCreateViewController.swift in Sources */ = {isa = PBXBuildFile; fileRef = 80563DE01D62036900A6E359 /* DimensionCreateViewController.swift */; };
		80563DE91D62257800A6E359 /* Picker.swift in Sources */ = {isa = PBXBuildFile; fileRef = 80563DE81D62257800A6E359 /* Picker.swift */; };
		80563DED1D623E8C00A6E359 /* DateFormat.swift in Sources */ = {isa = PBXBuildFile; fileRef = 80563DEC1D623E8C00A6E359 /* DateFormat.swift */; };
		B00D67A81D4514B10013D45B /* MainGraphViewController.swift in Sources */ = {isa = PBXBuildFile; fileRef = B00D67A71D4514B10013D45B /* MainGraphViewController.swift */; };
		B081E0761D413F3300B8B965 /* ScrollableGraphView.swift in Sources */ = {isa = PBXBuildFile; fileRef = B081E0731D413F3300B8B965 /* ScrollableGraphView.swift */; };
		B081E0771D413F3300B8B965 /* ScrollableGraphViewController.swift in Sources */ = {isa = PBXBuildFile; fileRef = B081E0741D413F3300B8B965 /* ScrollableGraphViewController.swift */; };
		B081E0781D413F3300B8B965 /* UIColor+colorFromHex.swift in Sources */ = {isa = PBXBuildFile; fileRef = B081E0751D413F3300B8B965 /* UIColor+colorFromHex.swift */; };
		B081E07E1D414B0F00B8B965 /* Graph.storyboard in Resources */ = {isa = PBXBuildFile; fileRef = B081E07D1D414B0F00B8B965 /* Graph.storyboard */; };
		C2015683007FE7288D39F5A6 /* Pods_KissKiss.framework in Frameworks */ = {isa = PBXBuildFile; fileRef = 9019597EF02BCC1B6B3E92F0 /* Pods_KissKiss.framework */; };
		E82940E61D1FB297008D7C41 /* AppDelegate.swift in Sources */ = {isa = PBXBuildFile; fileRef = E82940E51D1FB297008D7C41 /* AppDelegate.swift */; };
		E82940EB1D1FB297008D7C41 /* Main.storyboard in Resources */ = {isa = PBXBuildFile; fileRef = E82940E91D1FB297008D7C41 /* Main.storyboard */; };
		E82940ED1D1FB298008D7C41 /* Assets.xcassets in Resources */ = {isa = PBXBuildFile; fileRef = E82940EC1D1FB298008D7C41 /* Assets.xcassets */; };
		E82940F01D1FB298008D7C41 /* LaunchScreen.storyboard in Resources */ = {isa = PBXBuildFile; fileRef = E82940EE1D1FB298008D7C41 /* LaunchScreen.storyboard */; };
		E82940FB1D1FB298008D7C41 /* KissKissTests.swift in Sources */ = {isa = PBXBuildFile; fileRef = E82940FA1D1FB298008D7C41 /* KissKissTests.swift */; };
		E82941061D1FB298008D7C41 /* KissKissUITests.swift in Sources */ = {isa = PBXBuildFile; fileRef = E82941051D1FB298008D7C41 /* KissKissUITests.swift */; };
		E82941141D1FB585008D7C41 /* Podfile in Resources */ = {isa = PBXBuildFile; fileRef = E82941131D1FB585008D7C41 /* Podfile */; };
/* End PBXBuildFile section */

/* Begin PBXContainerItemProxy section */
		E82940F71D1FB298008D7C41 /* PBXContainerItemProxy */ = {
			isa = PBXContainerItemProxy;
			containerPortal = E82940DA1D1FB297008D7C41 /* Project object */;
			proxyType = 1;
			remoteGlobalIDString = E82940E11D1FB297008D7C41;
			remoteInfo = KissKiss;
		};
		E82941021D1FB298008D7C41 /* PBXContainerItemProxy */ = {
			isa = PBXContainerItemProxy;
			containerPortal = E82940DA1D1FB297008D7C41 /* Project object */;
			proxyType = 1;
			remoteGlobalIDString = E82940E11D1FB297008D7C41;
			remoteInfo = KissKiss;
		};
/* End PBXContainerItemProxy section */

/* Begin PBXFileReference section */
		418FB172ECFE6112551FA379 /* Pods-KissKiss.release.xcconfig */ = {isa = PBXFileReference; includeInIndex = 1; lastKnownFileType = text.xcconfig; name = "Pods-KissKiss.release.xcconfig"; path = "Pods/Target Support Files/Pods-KissKiss/Pods-KissKiss.release.xcconfig"; sourceTree = "<group>"; };
		4A60D94A1D68216500317D1E /* 다이어리_메인_뷰컨트롤러.swift */ = {isa = PBXFileReference; fileEncoding = 4; lastKnownFileType = sourcecode.swift; path = "다이어리_메인_뷰컨트롤러.swift"; sourceTree = "<group>"; };
		4A8AE4A01D6823FB00ACAE9F /* 다이어리_컬렉션_뷰컨트롤러.swift */ = {isa = PBXFileReference; fileEncoding = 4; lastKnownFileType = sourcecode.swift; path = "다이어리_컬렉션_뷰컨트롤러.swift"; sourceTree = "<group>"; };
		4A8AE4A21D68240600ACAE9F /* 다이어리_테이블_뷰컨트롤러.swift */ = {isa = PBXFileReference; fileEncoding = 4; lastKnownFileType = sourcecode.swift; path = "다이어리_테이블_뷰컨트롤러.swift"; sourceTree = "<group>"; };
		4A8AE4A41D6828E800ACAE9F /* 다이어리_데이터_제공자.swift */ = {isa = PBXFileReference; fileEncoding = 4; lastKnownFileType = sourcecode.swift; path = "다이어리_데이터_제공자.swift"; sourceTree = "<group>"; };
		4A8AE4A61D683C9300ACAE9F /* 다이어리_디테일_뷰컨트롤러.swift */ = {isa = PBXFileReference; fileEncoding = 4; lastKnownFileType = sourcecode.swift; path = "다이어리_디테일_뷰컨트롤러.swift"; sourceTree = "<group>"; };
		4ABA17C11D44D08000C509BC /* Diary.swift */ = {isa = PBXFileReference; fileEncoding = 4; lastKnownFileType = sourcecode.swift; path = Diary.swift; sourceTree = "<group>"; };
		4ABA17C21D44D08000C509BC /* Dimension.swift */ = {isa = PBXFileReference; fileEncoding = 4; lastKnownFileType = sourcecode.swift; path = Dimension.swift; sourceTree = "<group>"; };
		4ABA17C31D44D08000C509BC /* User.swift */ = {isa = PBXFileReference; fileEncoding = 4; lastKnownFileType = sourcecode.swift; path = User.swift; sourceTree = "<group>"; };
		4ABA17C91D44DAF300C509BC /* Setting.storyboard */ = {isa = PBXFileReference; fileEncoding = 4; lastKnownFileType = file.storyboard; path = Setting.storyboard; sourceTree = "<group>"; };
		650BA2401D44EFF800980699 /* String+.swift */ = {isa = PBXFileReference; fileEncoding = 4; lastKnownFileType = sourcecode.swift; path = "String+.swift"; sourceTree = "<group>"; };
		6540959B1D47AE120034971D /* Diary.storyboard */ = {isa = PBXFileReference; fileEncoding = 4; lastKnownFileType = file.storyboard; path = Diary.storyboard; sourceTree = "<group>"; };
		80563DDE1D61E55800A6E359 /* DimensionCreate.storyboard */ = {isa = PBXFileReference; fileEncoding = 4; lastKnownFileType = file.storyboard; path = DimensionCreate.storyboard; sourceTree = "<group>"; };
		80563DE01D62036900A6E359 /* DimensionCreateViewController.swift */ = {isa = PBXFileReference; fileEncoding = 4; lastKnownFileType = sourcecode.swift; path = DimensionCreateViewController.swift; sourceTree = "<group>"; };
		80563DE81D62257800A6E359 /* Picker.swift */ = {isa = PBXFileReference; fileEncoding = 4; lastKnownFileType = sourcecode.swift; path = Picker.swift; sourceTree = "<group>"; };
		80563DEC1D623E8C00A6E359 /* DateFormat.swift */ = {isa = PBXFileReference; fileEncoding = 4; lastKnownFileType = sourcecode.swift; path = DateFormat.swift; sourceTree = "<group>"; };
		9019597EF02BCC1B6B3E92F0 /* Pods_KissKiss.framework */ = {isa = PBXFileReference; explicitFileType = wrapper.framework; includeInIndex = 0; path = Pods_KissKiss.framework; sourceTree = BUILT_PRODUCTS_DIR; };
		B00D67A71D4514B10013D45B /* MainGraphViewController.swift */ = {isa = PBXFileReference; fileEncoding = 4; lastKnownFileType = sourcecode.swift; path = MainGraphViewController.swift; sourceTree = "<group>"; };
		B081E0731D413F3300B8B965 /* ScrollableGraphView.swift */ = {isa = PBXFileReference; fileEncoding = 4; lastKnownFileType = sourcecode.swift; path = ScrollableGraphView.swift; sourceTree = "<group>"; };
		B081E0741D413F3300B8B965 /* ScrollableGraphViewController.swift */ = {isa = PBXFileReference; fileEncoding = 4; lastKnownFileType = sourcecode.swift; path = ScrollableGraphViewController.swift; sourceTree = "<group>"; };
		B081E0751D413F3300B8B965 /* UIColor+colorFromHex.swift */ = {isa = PBXFileReference; fileEncoding = 4; lastKnownFileType = sourcecode.swift; path = "UIColor+colorFromHex.swift"; sourceTree = "<group>"; };
		B081E07D1D414B0F00B8B965 /* Graph.storyboard */ = {isa = PBXFileReference; fileEncoding = 4; lastKnownFileType = file.storyboard; path = Graph.storyboard; sourceTree = "<group>"; };
		BA19881341C8B8EB10B5615C /* Pods-KissKiss.debug.xcconfig */ = {isa = PBXFileReference; includeInIndex = 1; lastKnownFileType = text.xcconfig; name = "Pods-KissKiss.debug.xcconfig"; path = "Pods/Target Support Files/Pods-KissKiss/Pods-KissKiss.debug.xcconfig"; sourceTree = "<group>"; };
		E82940E21D1FB297008D7C41 /* KissKiss.app */ = {isa = PBXFileReference; explicitFileType = wrapper.application; includeInIndex = 0; path = KissKiss.app; sourceTree = BUILT_PRODUCTS_DIR; };
		E82940E51D1FB297008D7C41 /* AppDelegate.swift */ = {isa = PBXFileReference; lastKnownFileType = sourcecode.swift; path = AppDelegate.swift; sourceTree = "<group>"; };
		E82940EA1D1FB297008D7C41 /* Base */ = {isa = PBXFileReference; lastKnownFileType = file.storyboard; name = Base; path = Base.lproj/Main.storyboard; sourceTree = "<group>"; };
		E82940EC1D1FB298008D7C41 /* Assets.xcassets */ = {isa = PBXFileReference; lastKnownFileType = folder.assetcatalog; path = Assets.xcassets; sourceTree = "<group>"; };
		E82940EF1D1FB298008D7C41 /* Base */ = {isa = PBXFileReference; lastKnownFileType = file.storyboard; name = Base; path = Base.lproj/LaunchScreen.storyboard; sourceTree = "<group>"; };
		E82940F11D1FB298008D7C41 /* Info.plist */ = {isa = PBXFileReference; lastKnownFileType = text.plist.xml; path = Info.plist; sourceTree = "<group>"; };
		E82940F61D1FB298008D7C41 /* KissKissTests.xctest */ = {isa = PBXFileReference; explicitFileType = wrapper.cfbundle; includeInIndex = 0; path = KissKissTests.xctest; sourceTree = BUILT_PRODUCTS_DIR; };
		E82940FA1D1FB298008D7C41 /* KissKissTests.swift */ = {isa = PBXFileReference; lastKnownFileType = sourcecode.swift; path = KissKissTests.swift; sourceTree = "<group>"; };
		E82940FC1D1FB298008D7C41 /* Info.plist */ = {isa = PBXFileReference; lastKnownFileType = text.plist.xml; path = Info.plist; sourceTree = "<group>"; };
		E82941011D1FB298008D7C41 /* KissKissUITests.xctest */ = {isa = PBXFileReference; explicitFileType = wrapper.cfbundle; includeInIndex = 0; path = KissKissUITests.xctest; sourceTree = BUILT_PRODUCTS_DIR; };
		E82941051D1FB298008D7C41 /* KissKissUITests.swift */ = {isa = PBXFileReference; lastKnownFileType = sourcecode.swift; path = KissKissUITests.swift; sourceTree = "<group>"; };
		E82941071D1FB298008D7C41 /* Info.plist */ = {isa = PBXFileReference; lastKnownFileType = text.plist.xml; path = Info.plist; sourceTree = "<group>"; };
		E82941131D1FB585008D7C41 /* Podfile */ = {isa = PBXFileReference; fileEncoding = 4; lastKnownFileType = text; path = Podfile; sourceTree = "<group>"; xcLanguageSpecificationIdentifier = xcode.lang.ruby; };
/* End PBXFileReference section */

/* Begin PBXFrameworksBuildPhase section */
		E82940DF1D1FB297008D7C41 /* Frameworks */ = {
			isa = PBXFrameworksBuildPhase;
			buildActionMask = 2147483647;
			files = (
				C2015683007FE7288D39F5A6 /* Pods_KissKiss.framework in Frameworks */,
			);
			runOnlyForDeploymentPostprocessing = 0;
		};
		E82940F31D1FB298008D7C41 /* Frameworks */ = {
			isa = PBXFrameworksBuildPhase;
			buildActionMask = 2147483647;
			files = (
			);
			runOnlyForDeploymentPostprocessing = 0;
		};
		E82940FE1D1FB298008D7C41 /* Frameworks */ = {
			isa = PBXFrameworksBuildPhase;
			buildActionMask = 2147483647;
			files = (
			);
			runOnlyForDeploymentPostprocessing = 0;
		};
/* End PBXFrameworksBuildPhase section */

/* Begin PBXGroup section */
		3F9FF3727B776E9F8755C927 /* Frameworks */ = {
			isa = PBXGroup;
			children = (
				9019597EF02BCC1B6B3E92F0 /* Pods_KissKiss.framework */,
			);
			name = Frameworks;
			sourceTree = "<group>";
		};
		4A60D9471D68212100317D1E /* 메인 */ = {
			isa = PBXGroup;
			children = (
				4A60D94A1D68216500317D1E /* 다이어리_메인_뷰컨트롤러.swift */,
				4A8AE4A01D6823FB00ACAE9F /* 다이어리_컬렉션_뷰컨트롤러.swift */,
				4A8AE4A21D68240600ACAE9F /* 다이어리_테이블_뷰컨트롤러.swift */,
			);
			name = "메인";
			sourceTree = "<group>";
		};
		4A60D9481D68212900317D1E /* 디테일 */ = {
			isa = PBXGroup;
			children = (
				4A8AE4A61D683C9300ACAE9F /* 다이어리_디테일_뷰컨트롤러.swift */,
			);
			name = "디테일";
			sourceTree = "<group>";
		};
		4A60D9491D68213D00317D1E /* 쓰기 */ = {
			isa = PBXGroup;
			children = (
			);
			name = "쓰기";
			sourceTree = "<group>";
		};
		650BA23F1D44EFDF00980699 /* StringExtension */ = {
			isa = PBXGroup;
			children = (
				650BA2401D44EFF800980699 /* String+.swift */,
			);
			name = StringExtension;
			sourceTree = "<group>";
		};
		80563DE21D6204E100A6E359 /* DimensionCreate */ = {
			isa = PBXGroup;
			children = (
				80563DE01D62036900A6E359 /* DimensionCreateViewController.swift */,
			);
			name = DimensionCreate;
			sourceTree = "<group>";
		};
		80563DE71D62241500A6E359 /* Custom */ = {
			isa = PBXGroup;
			children = (
				80563DE81D62257800A6E359 /* Picker.swift */,
				80563DEC1D623E8C00A6E359 /* DateFormat.swift */,
			);
			name = Custom;
			sourceTree = "<group>";
		};
		87357CA398DF6BD65267A7F6 /* Pods */ = {
			isa = PBXGroup;
			children = (
				BA19881341C8B8EB10B5615C /* Pods-KissKiss.debug.xcconfig */,
				418FB172ECFE6112551FA379 /* Pods-KissKiss.release.xcconfig */,
			);
			name = Pods;
			sourceTree = "<group>";
		};
		B05649CA1D44CC3B00FFB559 /* UIColorExtension */ = {
			isa = PBXGroup;
			children = (
				B081E0751D413F3300B8B965 /* UIColor+colorFromHex.swift */,
			);
			name = UIColorExtension;
			sourceTree = "<group>";
		};
		E81B42BA1D32B6B0005F0DCC /* Libs */ = {
			isa = PBXGroup;
			children = (
			);
			name = Libs;
			sourceTree = "<group>";
		};
		E81B42BB1D32B6BD005F0DCC /* res */ = {
			isa = PBXGroup;
			children = (
				E81B42BF1D32B6EC005F0DCC /* SuppotingFiles */,
				E81B42BD1D32B6D0005F0DCC /* assets */,
			);
			name = res;
			sourceTree = "<group>";
		};
		E81B42BC1D32B6C4005F0DCC /* src */ = {
			isa = PBXGroup;
			children = (
				E81B42BE1D32B6D8005F0DCC /* 인터페이스 */,
				E81B42C21D32B7A9005F0DCC /* 그래프 */,
				E81B42C31D32B7B3005F0DCC /* 다이어리 */,
				E81B42C41D32B7D0005F0DCC /* 설정 */,
				E81B42C11D32B72A005F0DCC /* AppDelegate */,
				E81B42C51D32B7EC005F0DCC /* 모델 */,
				E81B42C01D32B71A005F0DCC /* Utils */,
			);
			name = src;
			sourceTree = "<group>";
		};
		E81B42BD1D32B6D0005F0DCC /* assets */ = {
			isa = PBXGroup;
			children = (
				E82940EC1D1FB298008D7C41 /* Assets.xcassets */,
			);
			name = assets;
			sourceTree = "<group>";
		};
		E81B42BE1D32B6D8005F0DCC /* 인터페이스 */ = {
			isa = PBXGroup;
			children = (
				E82940EE1D1FB298008D7C41 /* LaunchScreen.storyboard */,
				E82940E91D1FB297008D7C41 /* Main.storyboard */,
				6540959B1D47AE120034971D /* Diary.storyboard */,
				B081E07D1D414B0F00B8B965 /* Graph.storyboard */,
				4ABA17C91D44DAF300C509BC /* Setting.storyboard */,
				80563DDE1D61E55800A6E359 /* DimensionCreate.storyboard */,
			);
			name = "인터페이스";
			sourceTree = "<group>";
		};
		E81B42BF1D32B6EC005F0DCC /* SuppotingFiles */ = {
			isa = PBXGroup;
			children = (
				E82940F11D1FB298008D7C41 /* Info.plist */,
			);
			name = SuppotingFiles;
			sourceTree = "<group>";
		};
		E81B42C01D32B71A005F0DCC /* Utils */ = {
			isa = PBXGroup;
			children = (
				80563DE71D62241500A6E359 /* Custom */,
				650BA23F1D44EFDF00980699 /* StringExtension */,
				B05649CA1D44CC3B00FFB559 /* UIColorExtension */,
			);
			name = Utils;
			sourceTree = "<group>";
		};
		E81B42C11D32B72A005F0DCC /* AppDelegate */ = {
			isa = PBXGroup;
			children = (
				E82940E51D1FB297008D7C41 /* AppDelegate.swift */,
			);
			name = AppDelegate;
			sourceTree = "<group>";
		};
		E81B42C21D32B7A9005F0DCC /* 그래프 */ = {
			isa = PBXGroup;
			children = (
				80563DE21D6204E100A6E359 /* DimensionCreate */,
				B081E0731D413F3300B8B965 /* ScrollableGraphView.swift */,
				B081E0741D413F3300B8B965 /* ScrollableGraphViewController.swift */,
				B00D67A71D4514B10013D45B /* MainGraphViewController.swift */,
			);
			name = "그래프";
			sourceTree = "<group>";
		};
		E81B42C31D32B7B3005F0DCC /* 다이어리 */ = {
			isa = PBXGroup;
			children = (
				4A8AE4A41D6828E800ACAE9F /* 다이어리_데이터_제공자.swift */,
				4A60D9471D68212100317D1E /* 메인 */,
				4A60D9481D68212900317D1E /* 디테일 */,
				4A60D9491D68213D00317D1E /* 쓰기 */,
			);
			name = "다이어리";
			sourceTree = "<group>";
		};
		E81B42C41D32B7D0005F0DCC /* 설정 */ = {
			isa = PBXGroup;
			children = (
			);
			name = "설정";
			sourceTree = "<group>";
		};
		E81B42C51D32B7EC005F0DCC /* 모델 */ = {
			isa = PBXGroup;
			children = (
				4ABA17C11D44D08000C509BC /* Diary.swift */,
				4ABA17C21D44D08000C509BC /* Dimension.swift */,
				4ABA17C31D44D08000C509BC /* User.swift */,
			);
			name = "모델";
			sourceTree = "<group>";
		};
		E82940D91D1FB297008D7C41 = {
			isa = PBXGroup;
			children = (
				E82941131D1FB585008D7C41 /* Podfile */,
				E82940E41D1FB297008D7C41 /* KissKiss */,
				E82940F91D1FB298008D7C41 /* KissKissTests */,
				E82941041D1FB298008D7C41 /* KissKissUITests */,
				E82940E31D1FB297008D7C41 /* Products */,
				87357CA398DF6BD65267A7F6 /* Pods */,
				3F9FF3727B776E9F8755C927 /* Frameworks */,
			);
			sourceTree = "<group>";
		};
		E82940E31D1FB297008D7C41 /* Products */ = {
			isa = PBXGroup;
			children = (
				E82940E21D1FB297008D7C41 /* KissKiss.app */,
				E82940F61D1FB298008D7C41 /* KissKissTests.xctest */,
				E82941011D1FB298008D7C41 /* KissKissUITests.xctest */,
			);
			name = Products;
			sourceTree = "<group>";
		};
		E82940E41D1FB297008D7C41 /* KissKiss */ = {
			isa = PBXGroup;
			children = (
				E81B42BC1D32B6C4005F0DCC /* src */,
				E81B42BB1D32B6BD005F0DCC /* res */,
				E81B42BA1D32B6B0005F0DCC /* Libs */,
			);
			path = KissKiss;
			sourceTree = "<group>";
		};
		E82940F91D1FB298008D7C41 /* KissKissTests */ = {
			isa = PBXGroup;
			children = (
				E82940FA1D1FB298008D7C41 /* KissKissTests.swift */,
				E82940FC1D1FB298008D7C41 /* Info.plist */,
			);
			path = KissKissTests;
			sourceTree = "<group>";
		};
		E82941041D1FB298008D7C41 /* KissKissUITests */ = {
			isa = PBXGroup;
			children = (
				E82941051D1FB298008D7C41 /* KissKissUITests.swift */,
				E82941071D1FB298008D7C41 /* Info.plist */,
			);
			path = KissKissUITests;
			sourceTree = "<group>";
		};
/* End PBXGroup section */

/* Begin PBXNativeTarget section */
		E82940E11D1FB297008D7C41 /* KissKiss */ = {
			isa = PBXNativeTarget;
			buildConfigurationList = E829410A1D1FB298008D7C41 /* Build configuration list for PBXNativeTarget "KissKiss" */;
			buildPhases = (
				BE29E91AE924AC230B3FD513 /* [CP] Check Pods Manifest.lock */,
				E82940DE1D1FB297008D7C41 /* Sources */,
				E82940DF1D1FB297008D7C41 /* Frameworks */,
				E82940E01D1FB297008D7C41 /* Resources */,
				999C20ACF496D61CE920990C /* [CP] Embed Pods Frameworks */,
				11ACB5FDF4DAF2829A8AC214 /* [CP] Copy Pods Resources */,
			);
			buildRules = (
			);
			dependencies = (
			);
			name = KissKiss;
			productName = KissKiss;
			productReference = E82940E21D1FB297008D7C41 /* KissKiss.app */;
			productType = "com.apple.product-type.application";
		};
		E82940F51D1FB298008D7C41 /* KissKissTests */ = {
			isa = PBXNativeTarget;
			buildConfigurationList = E829410D1D1FB298008D7C41 /* Build configuration list for PBXNativeTarget "KissKissTests" */;
			buildPhases = (
				E82940F21D1FB298008D7C41 /* Sources */,
				E82940F31D1FB298008D7C41 /* Frameworks */,
				E82940F41D1FB298008D7C41 /* Resources */,
			);
			buildRules = (
			);
			dependencies = (
				E82940F81D1FB298008D7C41 /* PBXTargetDependency */,
			);
			name = KissKissTests;
			productName = KissKissTests;
			productReference = E82940F61D1FB298008D7C41 /* KissKissTests.xctest */;
			productType = "com.apple.product-type.bundle.unit-test";
		};
		E82941001D1FB298008D7C41 /* KissKissUITests */ = {
			isa = PBXNativeTarget;
			buildConfigurationList = E82941101D1FB298008D7C41 /* Build configuration list for PBXNativeTarget "KissKissUITests" */;
			buildPhases = (
				E82940FD1D1FB298008D7C41 /* Sources */,
				E82940FE1D1FB298008D7C41 /* Frameworks */,
				E82940FF1D1FB298008D7C41 /* Resources */,
			);
			buildRules = (
			);
			dependencies = (
				E82941031D1FB298008D7C41 /* PBXTargetDependency */,
			);
			name = KissKissUITests;
			productName = KissKissUITests;
			productReference = E82941011D1FB298008D7C41 /* KissKissUITests.xctest */;
			productType = "com.apple.product-type.bundle.ui-testing";
		};
/* End PBXNativeTarget section */

/* Begin PBXProject section */
		E82940DA1D1FB297008D7C41 /* Project object */ = {
			isa = PBXProject;
			attributes = {
				LastSwiftUpdateCheck = 0730;
				LastUpgradeCheck = 0730;
				ORGANIZATIONNAME = mashup;
				TargetAttributes = {
					E82940E11D1FB297008D7C41 = {
						CreatedOnToolsVersion = 7.3;
					};
					E82940F51D1FB298008D7C41 = {
						CreatedOnToolsVersion = 7.3;
						TestTargetID = E82940E11D1FB297008D7C41;
					};
					E82941001D1FB298008D7C41 = {
						CreatedOnToolsVersion = 7.3;
						TestTargetID = E82940E11D1FB297008D7C41;
					};
				};
			};
			buildConfigurationList = E82940DD1D1FB297008D7C41 /* Build configuration list for PBXProject "KissKiss" */;
			compatibilityVersion = "Xcode 3.2";
			developmentRegion = English;
			hasScannedForEncodings = 0;
			knownRegions = (
				en,
				Base,
			);
			mainGroup = E82940D91D1FB297008D7C41;
			productRefGroup = E82940E31D1FB297008D7C41 /* Products */;
			projectDirPath = "";
			projectRoot = "";
			targets = (
				E82940E11D1FB297008D7C41 /* KissKiss */,
				E82940F51D1FB298008D7C41 /* KissKissTests */,
				E82941001D1FB298008D7C41 /* KissKissUITests */,
			);
		};
/* End PBXProject section */

/* Begin PBXResourcesBuildPhase section */
		E82940E01D1FB297008D7C41 /* Resources */ = {
			isa = PBXResourcesBuildPhase;
			buildActionMask = 2147483647;
			files = (
				6540959C1D47AE120034971D /* Diary.storyboard in Resources */,
				E82940F01D1FB298008D7C41 /* LaunchScreen.storyboard in Resources */,
				E82940ED1D1FB298008D7C41 /* Assets.xcassets in Resources */,
				80563DDF1D61E55800A6E359 /* DimensionCreate.storyboard in Resources */,
				4ABA17CA1D44DAF300C509BC /* Setting.storyboard in Resources */,
				B081E07E1D414B0F00B8B965 /* Graph.storyboard in Resources */,
				E82941141D1FB585008D7C41 /* Podfile in Resources */,
				E82940EB1D1FB297008D7C41 /* Main.storyboard in Resources */,
			);
			runOnlyForDeploymentPostprocessing = 0;
		};
		E82940F41D1FB298008D7C41 /* Resources */ = {
			isa = PBXResourcesBuildPhase;
			buildActionMask = 2147483647;
			files = (
			);
			runOnlyForDeploymentPostprocessing = 0;
		};
		E82940FF1D1FB298008D7C41 /* Resources */ = {
			isa = PBXResourcesBuildPhase;
			buildActionMask = 2147483647;
			files = (
			);
			runOnlyForDeploymentPostprocessing = 0;
		};
/* End PBXResourcesBuildPhase section */

/* Begin PBXShellScriptBuildPhase section */
		11ACB5FDF4DAF2829A8AC214 /* [CP] Copy Pods Resources */ = {
			isa = PBXShellScriptBuildPhase;
			buildActionMask = 2147483647;
			files = (
			);
			inputPaths = (
			);
			name = "[CP] Copy Pods Resources";
			outputPaths = (
			);
			runOnlyForDeploymentPostprocessing = 0;
			shellPath = /bin/sh;
			shellScript = "\"${SRCROOT}/Pods/Target Support Files/Pods-KissKiss/Pods-KissKiss-resources.sh\"\n";
			showEnvVarsInLog = 0;
		};
		999C20ACF496D61CE920990C /* [CP] Embed Pods Frameworks */ = {
			isa = PBXShellScriptBuildPhase;
			buildActionMask = 2147483647;
			files = (
			);
			inputPaths = (
			);
			name = "[CP] Embed Pods Frameworks";
			outputPaths = (
			);
			runOnlyForDeploymentPostprocessing = 0;
			shellPath = /bin/sh;
			shellScript = "\"${SRCROOT}/Pods/Target Support Files/Pods-KissKiss/Pods-KissKiss-frameworks.sh\"\n";
			showEnvVarsInLog = 0;
		};
		BE29E91AE924AC230B3FD513 /* [CP] Check Pods Manifest.lock */ = {
			isa = PBXShellScriptBuildPhase;
			buildActionMask = 2147483647;
			files = (
			);
			inputPaths = (
			);
			name = "[CP] Check Pods Manifest.lock";
			outputPaths = (
			);
			runOnlyForDeploymentPostprocessing = 0;
			shellPath = /bin/sh;
			shellScript = "diff \"${PODS_ROOT}/../Podfile.lock\" \"${PODS_ROOT}/Manifest.lock\" > /dev/null\nif [[ $? != 0 ]] ; then\n    cat << EOM\nerror: The sandbox is not in sync with the Podfile.lock. Run 'pod install' or update your CocoaPods installation.\nEOM\n    exit 1\nfi\n";
			showEnvVarsInLog = 0;
		};
/* End PBXShellScriptBuildPhase section */

/* Begin PBXSourcesBuildPhase section */
		E82940DE1D1FB297008D7C41 /* Sources */ = {
			isa = PBXSourcesBuildPhase;
			buildActionMask = 2147483647;
			files = (
				B081E0771D413F3300B8B965 /* ScrollableGraphViewController.swift in Sources */,
				80563DED1D623E8C00A6E359 /* DateFormat.swift in Sources */,
				4A60D94B1D68216500317D1E /* 다이어리_메인_뷰컨트롤러.swift in Sources */,
				650BA2411D44EFF800980699 /* String+.swift in Sources */,
				4ABA17C41D44D08000C509BC /* Diary.swift in Sources */,
				4A8AE4A71D683C9300ACAE9F /* 다이어리_디테일_뷰컨트롤러.swift in Sources */,
				4ABA17C51D44D08000C509BC /* Dimension.swift in Sources */,
				4A8AE4A51D6828E800ACAE9F /* 다이어리_데이터_제공자.swift in Sources */,
				B081E0781D413F3300B8B965 /* UIColor+colorFromHex.swift in Sources */,
				4A8AE4A11D6823FB00ACAE9F /* 다이어리_컬렉션_뷰컨트롤러.swift in Sources */,
				B081E0761D413F3300B8B965 /* ScrollableGraphView.swift in Sources */,
				E82940E61D1FB297008D7C41 /* AppDelegate.swift in Sources */,
				4A8AE4A31D68240600ACAE9F /* 다이어리_테이블_뷰컨트롤러.swift in Sources */,
				80563DE11D62036900A6E359 /* DimensionCreateViewController.swift in Sources */,
				B00D67A81D4514B10013D45B /* MainGraphViewController.swift in Sources */,
				80563DE91D62257800A6E359 /* Picker.swift in Sources */,
				4ABA17C61D44D08000C509BC /* User.swift in Sources */,
			);
			runOnlyForDeploymentPostprocessing = 0;
		};
		E82940F21D1FB298008D7C41 /* Sources */ = {
			isa = PBXSourcesBuildPhase;
			buildActionMask = 2147483647;
			files = (
				E82940FB1D1FB298008D7C41 /* KissKissTests.swift in Sources */,
			);
			runOnlyForDeploymentPostprocessing = 0;
		};
		E82940FD1D1FB298008D7C41 /* Sources */ = {
			isa = PBXSourcesBuildPhase;
			buildActionMask = 2147483647;
			files = (
				E82941061D1FB298008D7C41 /* KissKissUITests.swift in Sources */,
			);
			runOnlyForDeploymentPostprocessing = 0;
		};
/* End PBXSourcesBuildPhase section */

/* Begin PBXTargetDependency section */
		E82940F81D1FB298008D7C41 /* PBXTargetDependency */ = {
			isa = PBXTargetDependency;
			target = E82940E11D1FB297008D7C41 /* KissKiss */;
			targetProxy = E82940F71D1FB298008D7C41 /* PBXContainerItemProxy */;
		};
		E82941031D1FB298008D7C41 /* PBXTargetDependency */ = {
			isa = PBXTargetDependency;
			target = E82940E11D1FB297008D7C41 /* KissKiss */;
			targetProxy = E82941021D1FB298008D7C41 /* PBXContainerItemProxy */;
		};
/* End PBXTargetDependency section */

/* Begin PBXVariantGroup section */
		E82940E91D1FB297008D7C41 /* Main.storyboard */ = {
			isa = PBXVariantGroup;
			children = (
				E82940EA1D1FB297008D7C41 /* Base */,
			);
			name = Main.storyboard;
			sourceTree = "<group>";
		};
		E82940EE1D1FB298008D7C41 /* LaunchScreen.storyboard */ = {
			isa = PBXVariantGroup;
			children = (
				E82940EF1D1FB298008D7C41 /* Base */,
			);
			name = LaunchScreen.storyboard;
			sourceTree = "<group>";
		};
/* End PBXVariantGroup section */

/* Begin XCBuildConfiguration section */
		E82941081D1FB298008D7C41 /* Debug */ = {
			isa = XCBuildConfiguration;
			buildSettings = {
				ALWAYS_SEARCH_USER_PATHS = NO;
				CLANG_ANALYZER_NONNULL = YES;
				CLANG_CXX_LANGUAGE_STANDARD = "gnu++0x";
				CLANG_CXX_LIBRARY = "libc++";
				CLANG_ENABLE_MODULES = YES;
				CLANG_ENABLE_OBJC_ARC = YES;
				CLANG_WARN_BOOL_CONVERSION = YES;
				CLANG_WARN_CONSTANT_CONVERSION = YES;
				CLANG_WARN_DIRECT_OBJC_ISA_USAGE = YES_ERROR;
				CLANG_WARN_EMPTY_BODY = YES;
				CLANG_WARN_ENUM_CONVERSION = YES;
				CLANG_WARN_INT_CONVERSION = YES;
				CLANG_WARN_OBJC_ROOT_CLASS = YES_ERROR;
				CLANG_WARN_UNREACHABLE_CODE = YES;
				CLANG_WARN__DUPLICATE_METHOD_MATCH = YES;
				"CODE_SIGN_IDENTITY[sdk=iphoneos*]" = "iPhone Developer";
				COPY_PHASE_STRIP = NO;
				DEBUG_INFORMATION_FORMAT = dwarf;
				ENABLE_STRICT_OBJC_MSGSEND = YES;
				ENABLE_TESTABILITY = YES;
				GCC_C_LANGUAGE_STANDARD = gnu99;
				GCC_DYNAMIC_NO_PIC = NO;
				GCC_NO_COMMON_BLOCKS = YES;
				GCC_OPTIMIZATION_LEVEL = 0;
				GCC_PREPROCESSOR_DEFINITIONS = (
					"DEBUG=1",
					"$(inherited)",
				);
				GCC_WARN_64_TO_32_BIT_CONVERSION = YES;
				GCC_WARN_ABOUT_RETURN_TYPE = YES_ERROR;
				GCC_WARN_UNDECLARED_SELECTOR = YES;
				GCC_WARN_UNINITIALIZED_AUTOS = YES_AGGRESSIVE;
				GCC_WARN_UNUSED_FUNCTION = YES;
				GCC_WARN_UNUSED_VARIABLE = YES;
				IPHONEOS_DEPLOYMENT_TARGET = 9.3;
				MTL_ENABLE_DEBUG_INFO = YES;
				ONLY_ACTIVE_ARCH = YES;
				SDKROOT = iphoneos;
				SWIFT_OPTIMIZATION_LEVEL = "-Onone";
			};
			name = Debug;
		};
		E82941091D1FB298008D7C41 /* Release */ = {
			isa = XCBuildConfiguration;
			buildSettings = {
				ALWAYS_SEARCH_USER_PATHS = NO;
				CLANG_ANALYZER_NONNULL = YES;
				CLANG_CXX_LANGUAGE_STANDARD = "gnu++0x";
				CLANG_CXX_LIBRARY = "libc++";
				CLANG_ENABLE_MODULES = YES;
				CLANG_ENABLE_OBJC_ARC = YES;
				CLANG_WARN_BOOL_CONVERSION = YES;
				CLANG_WARN_CONSTANT_CONVERSION = YES;
				CLANG_WARN_DIRECT_OBJC_ISA_USAGE = YES_ERROR;
				CLANG_WARN_EMPTY_BODY = YES;
				CLANG_WARN_ENUM_CONVERSION = YES;
				CLANG_WARN_INT_CONVERSION = YES;
				CLANG_WARN_OBJC_ROOT_CLASS = YES_ERROR;
				CLANG_WARN_UNREACHABLE_CODE = YES;
				CLANG_WARN__DUPLICATE_METHOD_MATCH = YES;
				"CODE_SIGN_IDENTITY[sdk=iphoneos*]" = "iPhone Developer";
				COPY_PHASE_STRIP = NO;
				DEBUG_INFORMATION_FORMAT = "dwarf-with-dsym";
				ENABLE_NS_ASSERTIONS = NO;
				ENABLE_STRICT_OBJC_MSGSEND = YES;
				GCC_C_LANGUAGE_STANDARD = gnu99;
				GCC_NO_COMMON_BLOCKS = YES;
				GCC_WARN_64_TO_32_BIT_CONVERSION = YES;
				GCC_WARN_ABOUT_RETURN_TYPE = YES_ERROR;
				GCC_WARN_UNDECLARED_SELECTOR = YES;
				GCC_WARN_UNINITIALIZED_AUTOS = YES_AGGRESSIVE;
				GCC_WARN_UNUSED_FUNCTION = YES;
				GCC_WARN_UNUSED_VARIABLE = YES;
				IPHONEOS_DEPLOYMENT_TARGET = 9.3;
				MTL_ENABLE_DEBUG_INFO = NO;
				SDKROOT = iphoneos;
				VALIDATE_PRODUCT = YES;
			};
			name = Release;
		};
		E829410B1D1FB298008D7C41 /* Debug */ = {
			isa = XCBuildConfiguration;
			baseConfigurationReference = BA19881341C8B8EB10B5615C /* Pods-KissKiss.debug.xcconfig */;
			buildSettings = {
				ASSETCATALOG_COMPILER_APPICON_NAME = AppIcon;
				INFOPLIST_FILE = KissKiss/Info.plist;
				LD_RUNPATH_SEARCH_PATHS = "$(inherited) @executable_path/Frameworks";
				PRODUCT_BUNDLE_IDENTIFIER = com.mashup.KissKiss;
				PRODUCT_NAME = "$(TARGET_NAME)";
			};
			name = Debug;
		};
		E829410C1D1FB298008D7C41 /* Release */ = {
			isa = XCBuildConfiguration;
			baseConfigurationReference = 418FB172ECFE6112551FA379 /* Pods-KissKiss.release.xcconfig */;
			buildSettings = {
				ASSETCATALOG_COMPILER_APPICON_NAME = AppIcon;
				INFOPLIST_FILE = KissKiss/Info.plist;
				LD_RUNPATH_SEARCH_PATHS = "$(inherited) @executable_path/Frameworks";
				PRODUCT_BUNDLE_IDENTIFIER = com.mashup.KissKiss;
				PRODUCT_NAME = "$(TARGET_NAME)";
			};
			name = Release;
		};
		E829410E1D1FB298008D7C41 /* Debug */ = {
			isa = XCBuildConfiguration;
			buildSettings = {
				BUNDLE_LOADER = "$(TEST_HOST)";
				INFOPLIST_FILE = KissKissTests/Info.plist;
				LD_RUNPATH_SEARCH_PATHS = "$(inherited) @executable_path/Frameworks @loader_path/Frameworks";
				PRODUCT_BUNDLE_IDENTIFIER = com.mashup.KissKissTests;
				PRODUCT_NAME = "$(TARGET_NAME)";
				TEST_HOST = "$(BUILT_PRODUCTS_DIR)/KissKiss.app/KissKiss";
			};
			name = Debug;
		};
		E829410F1D1FB298008D7C41 /* Release */ = {
			isa = XCBuildConfiguration;
			buildSettings = {
				BUNDLE_LOADER = "$(TEST_HOST)";
				INFOPLIST_FILE = KissKissTests/Info.plist;
				LD_RUNPATH_SEARCH_PATHS = "$(inherited) @executable_path/Frameworks @loader_path/Frameworks";
				PRODUCT_BUNDLE_IDENTIFIER = com.mashup.KissKissTests;
				PRODUCT_NAME = "$(TARGET_NAME)";
				TEST_HOST = "$(BUILT_PRODUCTS_DIR)/KissKiss.app/KissKiss";
			};
			name = Release;
		};
		E82941111D1FB298008D7C41 /* Debug */ = {
			isa = XCBuildConfiguration;
			buildSettings = {
				INFOPLIST_FILE = KissKissUITests/Info.plist;
				LD_RUNPATH_SEARCH_PATHS = "$(inherited) @executable_path/Frameworks @loader_path/Frameworks";
				PRODUCT_BUNDLE_IDENTIFIER = com.mashup.KissKissUITests;
				PRODUCT_NAME = "$(TARGET_NAME)";
				TEST_TARGET_NAME = KissKiss;
			};
			name = Debug;
		};
		E82941121D1FB298008D7C41 /* Release */ = {
			isa = XCBuildConfiguration;
			buildSettings = {
				INFOPLIST_FILE = KissKissUITests/Info.plist;
				LD_RUNPATH_SEARCH_PATHS = "$(inherited) @executable_path/Frameworks @loader_path/Frameworks";
				PRODUCT_BUNDLE_IDENTIFIER = com.mashup.KissKissUITests;
				PRODUCT_NAME = "$(TARGET_NAME)";
				TEST_TARGET_NAME = KissKiss;
			};
			name = Release;
		};
/* End XCBuildConfiguration section */

/* Begin XCConfigurationList section */
		E82940DD1D1FB297008D7C41 /* Build configuration list for PBXProject "KissKiss" */ = {
			isa = XCConfigurationList;
			buildConfigurations = (
				E82941081D1FB298008D7C41 /* Debug */,
				E82941091D1FB298008D7C41 /* Release */,
			);
			defaultConfigurationIsVisible = 0;
			defaultConfigurationName = Release;
		};
		E829410A1D1FB298008D7C41 /* Build configuration list for PBXNativeTarget "KissKiss" */ = {
			isa = XCConfigurationList;
			buildConfigurations = (
				E829410B1D1FB298008D7C41 /* Debug */,
				E829410C1D1FB298008D7C41 /* Release */,
			);
			defaultConfigurationIsVisible = 0;
			defaultConfigurationName = Release;
		};
		E829410D1D1FB298008D7C41 /* Build configuration list for PBXNativeTarget "KissKissTests" */ = {
			isa = XCConfigurationList;
			buildConfigurations = (
				E829410E1D1FB298008D7C41 /* Debug */,
				E829410F1D1FB298008D7C41 /* Release */,
			);
			defaultConfigurationIsVisible = 0;
			defaultConfigurationName = Release;
		};
		E82941101D1FB298008D7C41 /* Build configuration list for PBXNativeTarget "KissKissUITests" */ = {
			isa = XCConfigurationList;
			buildConfigurations = (
				E82941111D1FB298008D7C41 /* Debug */,
				E82941121D1FB298008D7C41 /* Release */,
			);
			defaultConfigurationIsVisible = 0;
			defaultConfigurationName = Release;
		};
/* End XCConfigurationList section */
	};
	rootObject = E82940DA1D1FB297008D7C41 /* Project object */;
}
